
Microsoft Visual Studio Solution File, Format Version 12.00
# Visual Studio Version 16
VisualStudioVersion = 16.0.31025.194
MinimumVisualStudioVersion = 10.0.40219.1
Project("{FAE04EC0-301F-11D3-BF4B-00C04F79EFBC}") = "WIN_Practice_1-5_project", "WIN_Practice_1-5_project.csproj", "{D2542330-489E-4B1F-A4B8-625EDF1D0C6C}"
EndProject
Global
	GlobalSection(SolutionConfigurationPlatforms) = preSolution
		Debug|Any CPU = Debug|Any CPU
		Release|Any CPU = Release|Any CPU
	EndGlobalSection
	GlobalSection(ProjectConfigurationPlatforms) = postSolution
		{D2542330-489E-4B1F-A4B8-625EDF1D0C6C}.Debug|Any CPU.ActiveCfg = Debug|Any CPU
		{D2542330-489E-4B1F-A4B8-625EDF1D0C6C}.Debug|Any CPU.Build.0 = Debug|Any CPU
		{D2542330-489E-4B1F-A4B8-625EDF1D0C6C}.Release|Any CPU.ActiveCfg = Release|Any CPU
		{D2542330-489E-4B1F-A4B8-625EDF1D0C6C}.Release|Any CPU.Build.0 = Release|Any CPU
	EndGlobalSection
	GlobalSection(SolutionProperties) = preSolution
		HideSolutionNode = FALSE
	EndGlobalSection
	GlobalSection(ExtensibilityGlobals) = postSolution
		SolutionGuid = {760E1DC3-6D6A-4854-85EC-A02CD98C90BE}
	EndGlobalSection
EndGlobal
